
Microsoft Visual Studio Solution File, Format Version 12.00
# Visual Studio Version 17
VisualStudioVersion = 17.14.36414.22
MinimumVisualStudioVersion = 10.0.40219.1
Project("{FAE04EC0-301F-11D3-BF4B-00C04F79EFBC}") = "DemoBlazorMovil", "DemoBlazorMovil\DemoBlazorMovil.csproj", "{AF998E22-0169-4E35-A0AA-4183B8E2A8B0}"
EndProject
Project("{FAE04EC0-301F-11D3-BF4B-00C04F79EFBC}") = "DemoBlazorMovil.Server", "DemoBlazorMovil.Server\DemoBlazorMovil.Server.csproj", "{2798ACB4-E5E9-D5B5-97A8-51D8E147B6D3}"
EndProject
Project("{FAE04EC0-301F-11D3-BF4B-00C04F79EFBC}") = "DemoBlazorMovil.Shared", "DemoBlazorMovil.Shared\DemoBlazorMovil.Shared.csproj", "{77CDF73C-9207-052F-4A6B-A3C828678641}"
EndProject
Global
	GlobalSection(SolutionConfigurationPlatforms) = preSolution
		Debug|Any CPU = Debug|Any CPU
		Release|Any CPU = Release|Any CPU
	EndGlobalSection
	GlobalSection(ProjectConfigurationPlatforms) = postSolution
		{AF998E22-0169-4E35-A0AA-4183B8E2A8B0}.Debug|Any CPU.ActiveCfg = Debug|Any CPU
		{AF998E22-0169-4E35-A0AA-4183B8E2A8B0}.Debug|Any CPU.Build.0 = Debug|Any CPU
		{AF998E22-0169-4E35-A0AA-4183B8E2A8B0}.Debug|Any CPU.Deploy.0 = Debug|Any CPU
		{AF998E22-0169-4E35-A0AA-4183B8E2A8B0}.Release|Any CPU.ActiveCfg = Release|Any CPU
		{AF998E22-0169-4E35-A0AA-4183B8E2A8B0}.Release|Any CPU.Build.0 = Release|Any CPU
		{AF998E22-0169-4E35-A0AA-4183B8E2A8B0}.Release|Any CPU.Deploy.0 = Release|Any CPU
		{2798ACB4-E5E9-D5B5-97A8-51D8E147B6D3}.Debug|Any CPU.ActiveCfg = Debug|Any CPU
		{2798ACB4-E5E9-D5B5-97A8-51D8E147B6D3}.Debug|Any CPU.Build.0 = Debug|Any CPU
		{2798ACB4-E5E9-D5B5-97A8-51D8E147B6D3}.Release|Any CPU.ActiveCfg = Release|Any CPU
		{2798ACB4-E5E9-D5B5-97A8-51D8E147B6D3}.Release|Any CPU.Build.0 = Release|Any CPU
		{77CDF73C-9207-052F-4A6B-A3C828678641}.Debug|Any CPU.ActiveCfg = Debug|Any CPU
		{77CDF73C-9207-052F-4A6B-A3C828678641}.Debug|Any CPU.Build.0 = Debug|Any CPU
		{77CDF73C-9207-052F-4A6B-A3C828678641}.Release|Any CPU.ActiveCfg = Release|Any CPU
		{77CDF73C-9207-052F-4A6B-A3C828678641}.Release|Any CPU.Build.0 = Release|Any CPU
	EndGlobalSection
	GlobalSection(SolutionProperties) = preSolution
		HideSolutionNode = FALSE
	EndGlobalSection
	GlobalSection(ExtensibilityGlobals) = postSolution
		SolutionGuid = {07AA75CD-FFBB-43FC-93E2-967E8C568A50}
	EndGlobalSection
EndGlobal
